
Microsoft Visual Studio Solution File, Format Version 12.00
# Visual Studio Version 17
VisualStudioVersion = 17.9.34728.123
MinimumVisualStudioVersion = 10.0.40219.1
Project("{FAE04EC0-301F-11D3-BF4B-00C04F79EFBC}") = "AcademiaABM", "AcademiaABM.csproj", "{2583A650-7673-4A5F-B668-6C463876F026}"
EndProject
Global
	GlobalSection(SolutionConfigurationPlatforms) = preSolution
		Debug|Any CPU = Debug|Any CPU
		Release|Any CPU = Release|Any CPU
	EndGlobalSection
	GlobalSection(ProjectConfigurationPlatforms) = postSolution
		{2583A650-7673-4A5F-B668-6C463876F026}.Debug|Any CPU.ActiveCfg = Debug|Any CPU
		{2583A650-7673-4A5F-B668-6C463876F026}.Debug|Any CPU.Build.0 = Debug|Any CPU
		{2583A650-7673-4A5F-B668-6C463876F026}.Release|Any CPU.ActiveCfg = Release|Any CPU
		{2583A650-7673-4A5F-B668-6C463876F026}.Release|Any CPU.Build.0 = Release|Any CPU
	EndGlobalSection
	GlobalSection(SolutionProperties) = preSolution
		HideSolutionNode = FALSE
	EndGlobalSection
	GlobalSection(ExtensibilityGlobals) = postSolution
		SolutionGuid = {4EDB5CD2-37F4-4071-971F-39D19138C86D}
	EndGlobalSection
EndGlobal
